{
    "_meta": {
        "hash": {
            "sha256": "c875a7ab687332c6dffc473ef45a44a8442a5e8f020c7602daa6c5d332e6abe3"
        },
        "pipfile-spec": 6,
        "requires": {
            "python_version": "3.10"
        },
        "sources": [
            {
                "name": "pypi",
                "url": "https://pypi.org/simple",
                "verify_ssl": true
            }
        ]
    },
    "default": {
        "certifi": {
            "hashes": [
                "sha256:6b31f564a415d79ee77df69d757bb49a5bb53bd9f756cbbe24394ffd6fc1f4b2",
                "sha256:8ea99dbdfaaf2ba2f9bac77b9249ef62ec5218e7c2b2e903378ed5fccf765995"
            ],
            "markers": "python_version >= '3.7'",
            "version": "==2025.7.14"
        },
        "charset-normalizer": {
            "hashes": [
                "sha256:005fa3432484527f9732ebd315da8da8001593e2cf46a3d817669f062c3d9ed4",
                "sha256:046595208aae0120559a67693ecc65dd75d46f7bf687f159127046628178dc45",
                "sha256:0c29de6a1a95f24b9a1aa7aefd27d2487263f00dfd55a77719b530788f75cff7",
                "sha256:0c8c57f84ccfc871a48a47321cfa49ae1df56cd1d965a09abe84066f6853b9c0",
                "sha256:0f5d9ed7f254402c9e7d35d2f5972c9bbea9040e99cd2861bd77dc68263277c7",
                "sha256:18dd2e350387c87dabe711b86f83c9c78af772c748904d372ade190b5c7c9d4d",
                "sha256:1b1bde144d98e446b056ef98e59c256e9294f6b74d7af6846bf5ffdafd687a7d",
                "sha256:1c95a1e2902a8b722868587c0e1184ad5c55631de5afc0eb96bc4b0d738092c0",
                "sha256:1cad5f45b3146325bb38d6855642f6fd609c3f7cad4dbaf75549bf3b904d3184",
                "sha256:21b2899062867b0e1fde9b724f8aecb1af14f2778d69aacd1a5a1853a597a5db",
                "sha256:24498ba8ed6c2e0b56d4acbf83f2d989720a93b41d712ebd4f4979660db4417b",
                "sha256:25a23ea5c7edc53e0f29bae2c44fcb5a1aa10591aae107f2a2b2583a9c5cbc64",
                "sha256:289200a18fa698949d2b39c671c2cc7a24d44096784e76614899a7ccf2574b7b",
                "sha256:28a1005facc94196e1fb3e82a3d442a9d9110b8434fc1ded7a24a2983c9888d8",
                "sha256:32fc0341d72e0f73f80acb0a2c94216bd704f4f0bce10aedea38f30502b271ff",
                "sha256:36b31da18b8890a76ec181c3cf44326bf2c48e36d393ca1b72b3f484113ea344",
                "sha256:3c21d4fca343c805a52c0c78edc01e3477f6dd1ad7c47653241cf2a206d4fc58",
                "sha256:3fddb7e2c84ac87ac3a947cb4e66d143ca5863ef48e4a5ecb83bd48619e4634e",
                "sha256:43e0933a0eff183ee85833f341ec567c0980dae57c464d8a508e1b2ceb336471",
                "sha256:4a476b06fbcf359ad25d34a057b7219281286ae2477cc5ff5e3f70a246971148",
                "sha256:4e594135de17ab3866138f496755f302b72157d115086d100c3f19370839dd3a",
                "sha256:50bf98d5e563b83cc29471fa114366e6806bc06bc7a25fd59641e41445327836",
                "sha256:5a9979887252a82fefd3d3ed2a8e3b937a7a809f65dcb1e068b090e165bbe99e",
                "sha256:5baececa9ecba31eff645232d59845c07aa030f0c81ee70184a90d35099a0e63",
                "sha256:5bf4545e3b962767e5c06fe1738f951f77d27967cb2caa64c28be7c4563e162c",
                "sha256:6333b3aa5a12c26b2a4d4e7335a28f1475e0e5e17d69d55141ee3cab736f66d1",
                "sha256:65c981bdbd3f57670af8b59777cbfae75364b483fa8a9f420f08094531d54a01",
                "sha256:68a328e5f55ec37c57f19ebb1fdc56a248db2e3e9ad769919a58672958e8f366",
                "sha256:6a0289e4589e8bdfef02a80478f1dfcb14f0ab696b5a00e1f4b8a14a307a3c58",
                "sha256:6b66f92b17849b85cad91259efc341dce9c1af48e2173bf38a85c6329f1033e5",
                "sha256:6c9379d65defcab82d07b2a9dfbfc2e95bc8fe0ebb1b176a3190230a3ef0e07c",
                "sha256:6fc1f5b51fa4cecaa18f2bd7a003f3dd039dd615cd69a2afd6d3b19aed6775f2",
                "sha256:70f7172939fdf8790425ba31915bfbe8335030f05b9913d7ae00a87d4395620a",
                "sha256:721c76e84fe669be19c5791da68232ca2e05ba5185575086e384352e2c309597",
                "sha256:7222ffd5e4de8e57e03ce2cef95a4c43c98fcb72ad86909abdfc2c17d227fc1b",
                "sha256:75d10d37a47afee94919c4fab4c22b9bc2a8bf7d4f46f87363bcf0573f3ff4f5",
                "sha256:76af085e67e56c8816c3ccf256ebd136def2ed9654525348cfa744b6802b69eb",
                "sha256:770cab594ecf99ae64c236bc9ee3439c3f46be49796e265ce0cc8bc17b10294f",
                "sha256:7a6ab32f7210554a96cd9e33abe3ddd86732beeafc7a28e9955cdf22ffadbab0",
                "sha256:7c48ed483eb946e6c04ccbe02c6b4d1d48e51944b6db70f697e089c193404941",
                "sha256:7f56930ab0abd1c45cd15be65cc741c28b1c9a34876ce8c17a2fa107810c0af0",
                "sha256:8075c35cd58273fee266c58c0c9b670947c19df5fb98e7b66710e04ad4e9ff86",
                "sha256:8272b73e1c5603666618805fe821edba66892e2870058c94c53147602eab29c7",
                "sha256:82d8fd25b7f4675d0c47cf95b594d4e7b158aca33b76aa63d07186e13c0e0ab7",
                "sha256:844da2b5728b5ce0e32d863af26f32b5ce61bc4273a9c720a9f3aa9df73b1455",
                "sha256:8755483f3c00d6c9a77f490c17e6ab0c8729e39e6390328e42521ef175380ae6",
                "sha256:915f3849a011c1f593ab99092f3cecfcb4d65d8feb4a64cf1bf2d22074dc0ec4",
                "sha256:926ca93accd5d36ccdabd803392ddc3e03e6d4cd1cf17deff3b989ab8e9dbcf0",
                "sha256:982bb1e8b4ffda883b3d0a521e23abcd6fd17418f6d2c4118d257a10199c0ce3",
                "sha256:98f862da73774290f251b9df8d11161b6cf25b599a66baf087c1ffe340e9bfd1",
                "sha256:9cbfacf36cb0ec2897ce0ebc5d08ca44213af24265bd56eca54bee7923c48fd6",
                "sha256:a370b3e078e418187da8c3674eddb9d983ec09445c99a3a263c2011993522981",
                "sha256:a955b438e62efdf7e0b7b52a64dc5c3396e2634baa62471768a64bc2adb73d5c",
                "sha256:aa6af9e7d59f9c12b33ae4e9450619cf2488e2bbe9b44030905877f0b2324980",
                "sha256:aa88ca0b1932e93f2d961bf3addbb2db902198dca337d88c89e1559e066e7645",
                "sha256:aaeeb6a479c7667fbe1099af9617c83aaca22182d6cf8c53966491a0f1b7ffb7",
                "sha256:aaf27faa992bfee0264dc1f03f4c75e9fcdda66a519db6b957a3f826e285cf12",
                "sha256:b2680962a4848b3c4f155dc2ee64505a9c57186d0d56b43123b17ca3de18f0fa",
                "sha256:b2d318c11350e10662026ad0eb71bb51c7812fc8590825304ae0bdd4ac283acd",
                "sha256:b33de11b92e9f75a2b545d6e9b6f37e398d86c3e9e9653c4864eb7e89c5773ef",
                "sha256:b3daeac64d5b371dea99714f08ffc2c208522ec6b06fbc7866a450dd446f5c0f",
                "sha256:be1e352acbe3c78727a16a455126d9ff83ea2dfdcbc83148d2982305a04714c2",
                "sha256:bee093bf902e1d8fc0ac143c88902c3dfc8941f7ea1d6a8dd2bcb786d33db03d",
                "sha256:c72fbbe68c6f32f251bdc08b8611c7b3060612236e960ef848e0a517ddbe76c5",
                "sha256:c9e36a97bee9b86ef9a1cf7bb96747eb7a15c2f22bdb5b516434b00f2a599f02",
                "sha256:cddf7bd982eaa998934a91f69d182aec997c6c468898efe6679af88283b498d3",
                "sha256:cf713fe9a71ef6fd5adf7a79670135081cd4431c2943864757f0fa3a65b1fafd",
                "sha256:d11b54acf878eef558599658b0ffca78138c8c3655cf4f3a4a673c437e67732e",
                "sha256:d41c4d287cfc69060fa91cae9683eacffad989f1a10811995fa309df656ec214",
                "sha256:d524ba3f1581b35c03cb42beebab4a13e6cdad7b36246bd22541fa585a56cccd",
                "sha256:daac4765328a919a805fa5e2720f3e94767abd632ae410a9062dff5412bae65a",
                "sha256:db4c7bf0e07fc3b7d89ac2a5880a6a8062056801b83ff56d8464b70f65482b6c",
                "sha256:dc7039885fa1baf9be153a0626e337aa7ec8bf96b0128605fb0d77788ddc1681",
                "sha256:dccab8d5fa1ef9bfba0590ecf4d46df048d18ffe3eec01eeb73a42e0d9e7a8ba",
                "sha256:dedb8adb91d11846ee08bec4c8236c8549ac721c245678282dcb06b221aab59f",
                "sha256:e45ba65510e2647721e35323d6ef54c7974959f6081b58d4ef5d87c60c84919a",
                "sha256:e53efc7c7cee4c1e70661e2e112ca46a575f90ed9ae3fef200f2a25e954f4b28",
                "sha256:e635b87f01ebc977342e2697d05b56632f5f879a4f15955dfe8cef2448b51691",
                "sha256:e70e990b2137b29dc5564715de1e12701815dacc1d056308e2b17e9095372a82",
                "sha256:e8082b26888e2f8b36a042a58307d5b917ef2b1cacab921ad3323ef91901c71a",
                "sha256:e8323a9b031aa0393768b87f04b4164a40037fb2a3c11ac06a03ffecd3618027",
                "sha256:e92fca20c46e9f5e1bb485887d074918b13543b1c2a1185e69bb8d17ab6236a7",
                "sha256:eb30abc20df9ab0814b5a2524f23d75dcf83cde762c161917a2b4b7b55b1e518",
                "sha256:eba9904b0f38a143592d9fc0e19e2df0fa2e41c3c3745554761c5f6447eedabf",
                "sha256:ef8de666d6179b009dce7bcb2ad4c4a779f113f12caf8dc77f0162c29d20490b",
                "sha256:efd387a49825780ff861998cd959767800d54f8308936b21025326de4b5a42b9",
                "sha256:f0aa37f3c979cf2546b73e8222bbfa3dc07a641585340179d768068e3455e544",
                "sha256:f4074c5a429281bf056ddd4c5d3b740ebca4d43ffffe2ef4bf4d2d05114299da",
                "sha256:f69a27e45c43520f5487f27627059b64aaf160415589230992cec34c5e18a509",
                "sha256:fb707f3e15060adf5b7ada797624a6c6e0138e2a26baa089df64c68ee98e040f",
                "sha256:fcbe676a55d7445b22c10967bceaaf0ee69407fbe0ece4d032b6eb8d4565982a",
                "sha256:fdb20a30fe1175ecabed17cbf7812f7b804b8a315a25f24678bcdf120a90077f"
            ],
            "markers": "python_version >= '3.7'",
            "version": "==3.4.2"
        },
        "filelock": {
            "hashes": [
                "sha256:adbc88eabb99d2fec8c9c1b229b171f18afa655400173ddc653d5d01501fb9f2",
                "sha256:c401f4f8377c4464e6db25fff06205fd89bdd83b65eb0488ed1b160f780e21de"
            ],
            "markers": "python_version >= '3.9'",
            "version": "==3.18.0"
        },
        "fire": {
            "hashes": [
                "sha256:c5e2b8763699d1142393a46d0e3e790c5eb2f0706082df8f647878842c216a62"
            ],
            "version": "==0.4.0"
        },
        "fsspec": {
            "hashes": [
                "sha256:786120687ffa54b8283d942929540d8bc5ccfa820deb555a2b5d0ed2b737bf58",
                "sha256:8b012e39f63c7d5f10474de957f3ab793b47b45ae7d39f2fb735f8bbe25c0e21"
            ],
            "markers": "python_version >= '3.9'",
            "version": "==2025.7.0"
        },
        "hf-xet": {
            "hashes": [
                "sha256:69ebbcfd9ec44fdc2af73441619eeb06b94ee34511bbcf57cd423820090f5694",
                "sha256:73e167d9807d166596b4b2f0b585c6d5bd84a26dea32843665a8b58f6edba245",
                "sha256:83088ecea236d5113de478acb2339f92c95b4fb0462acaa30621fac02f5a534a",
                "sha256:9fa6e3ee5d61912c4a113e0708eaaef987047616465ac7aa30f7121a48fc1af8",
                "sha256:ab34c4c3104133c495785d5d8bba3b1efc99de52c02e759cf711a91fd39d3a14",
                "sha256:dbba1660e5d810bd0ea77c511a99e9242d920790d0e63c0e4673ed36c4022d18",
                "sha256:f52c2fa3635b8c37c7764d8796dfa72706cc4eded19d638331161e82b0792e23",
                "sha256:fc874b5c843e642f45fd85cda1ce599e123308ad2901ead23d3510a47ff506d1"
            ],
            "markers": "python_version >= '3.8'",
            "version": "==1.1.5"
        },
        "huggingface-hub": {
            "hashes": [
                "sha256:5444550099e2d86e68b2898b09e85878fbd788fc2957b506c6a79ce060e39492",
                "sha256:d58130fd5aa7408480681475491c0abd7e835442082fbc3ef4d45b6c39f83853"
            ],
            "markers": "python_full_version >= '3.8.0'",
            "version": "==0.34.3"
        },
        "idna": {
            "hashes": [
                "sha256:12f65c9b470abda6dc35cf8e63cc574b1c52b11df2c86030af0ac09b01b13ea9",
                "sha256:946d195a0d259cbba61165e88e65941f16e9b36ea6ddb97f00452bae8b1287d3"
            ],
            "markers": "python_version >= '3.6'",
            "version": "==3.10"
        },
        "numpy": {
            "hashes": [
                "sha256:038613e9fb8c72b0a41f025a7e4c3f0b7a1b5d768ece4796b674c8f3fe13efff",
                "sha256:0678000bb9ac1475cd454c6b8c799206af8107e310843532b04d49649c717a47",
                "sha256:0811bb762109d9708cca4d0b13c4f67146e3c3b7cf8d34018c722adb2d957c84",
                "sha256:0b605b275d7bd0c640cad4e5d30fa701a8d59302e127e5f79138ad62762c3e3d",
                "sha256:0bca768cd85ae743b2affdc762d617eddf3bcf8724435498a1e80132d04879e6",
                "sha256:1bc23a79bfabc5d056d106f9befb8d50c31ced2fbc70eedb8155aec74a45798f",
                "sha256:287cc3162b6f01463ccd86be154f284d0893d2b3ed7292439ea97eafa8170e0b",
                "sha256:37c0ca431f82cd5fa716eca9506aefcabc247fb27ba69c5062a6d3ade8cf8f49",
                "sha256:37e990a01ae6ec7fe7fa1c26c55ecb672dd98b19c3d0e1d1f326fa13cb38d163",
                "sha256:389d771b1623ec92636b0786bc4ae56abafad4a4c513d36a55dce14bd9ce8571",
                "sha256:3d70692235e759f260c3d837193090014aebdf026dfd167834bcba43e30c2a42",
                "sha256:41c5a21f4a04fa86436124d388f6ed60a9343a6f767fced1a8a71c3fbca038ff",
                "sha256:481b49095335f8eed42e39e8041327c05b0f6f4780488f61286ed3c01368d491",
                "sha256:4eeaae00d789f66c7a25ac5f34b71a7035bb474e679f410e5e1a94deb24cf2d4",
                "sha256:55a4d33fa519660d69614a9fad433be87e5252f4b03850642f88993f7b2ca566",
                "sha256:5a6429d4be8ca66d889b7cf70f536a397dc45ba6faeb5f8c5427935d9592e9cf",
                "sha256:5bd4fc3ac8926b3819797a7c0e2631eb889b4118a9898c84f585a54d475b7e40",
                "sha256:5beb72339d9d4fa36522fc63802f469b13cdbe4fdab4a288f0c441b74272ebfd",
                "sha256:6031dd6dfecc0cf9f668681a37648373bddd6421fff6c66ec1624eed0180ee06",
                "sha256:71594f7c51a18e728451bb50cc60a3ce4e6538822731b2933209a1f3614e9282",
                "sha256:74d4531beb257d2c3f4b261bfb0fc09e0f9ebb8842d82a7b4209415896adc680",
                "sha256:7befc596a7dc9da8a337f79802ee8adb30a552a94f792b9c9d18c840055907db",
                "sha256:894b3a42502226a1cac872f840030665f33326fc3dac8e57c607905773cdcde3",
                "sha256:8e41fd67c52b86603a91c1a505ebaef50b3314de0213461c7a6e99c9a3beff90",
                "sha256:8e9ace4a37db23421249ed236fdcdd457d671e25146786dfc96835cd951aa7c1",
                "sha256:8fc377d995680230e83241d8a96def29f204b5782f371c532579b4f20607a289",
                "sha256:9551a499bf125c1d4f9e250377c1ee2eddd02e01eac6644c080162c0c51778ab",
                "sha256:b0544343a702fa80c95ad5d3d608ea3599dd54d4632df855e4c8d24eb6ecfa1c",
                "sha256:b093dd74e50a8cba3e873868d9e93a85b78e0daf2e98c6797566ad8044e8363d",
                "sha256:b412caa66f72040e6d268491a59f2c43bf03eb6c96dd8f0307829feb7fa2b6fb",
                "sha256:b4f13750ce79751586ae2eb824ba7e1e8dba64784086c98cdbbcc6a42112ce0d",
                "sha256:b64d8d4d17135e00c8e346e0a738deb17e754230d7e0810ac5012750bbd85a5a",
                "sha256:ba10f8411898fc418a521833e014a77d3ca01c15b0c6cdcce6a0d2897e6dbbdf",
                "sha256:bd48227a919f1bafbdda0583705e547892342c26fb127219d60a5c36882609d1",
                "sha256:c1f9540be57940698ed329904db803cf7a402f3fc200bfe599334c9bd84a40b2",
                "sha256:c820a93b0255bc360f53eca31a0e676fd1101f673dda8da93454a12e23fc5f7a",
                "sha256:ce47521a4754c8f4593837384bd3424880629f718d87c5d44f8ed763edd63543",
                "sha256:d042d24c90c41b54fd506da306759e06e568864df8ec17ccc17e9e884634fd00",
                "sha256:de749064336d37e340f640b05f24e9e3dd678c57318c7289d222a8a2f543e90c",
                "sha256:e1dda9c7e08dc141e0247a5b8f49cf05984955246a327d4c48bda16821947b2f",
                "sha256:e29554e2bef54a90aa5cc07da6ce955accb83f21ab5de01a62c8478897b264fd",
                "sha256:e3143e4451880bed956e706a3220b4e5cf6172ef05fcc397f6f36a550b1dd868",
                "sha256:e8213002e427c69c45a52bbd94163084025f533a55a59d6f9c5b820774ef3303",
                "sha256:efd28d4e9cd7d7a8d39074a4d44c63eda73401580c5c76acda2ce969e0a38e83",
                "sha256:f0fd6321b839904e15c46e0d257fdd101dd7f530fe03fd6359c1ea63738703f3",
                "sha256:f1372f041402e37e5e633e586f62aa53de2eac8d98cbfb822806ce4bbefcb74d",
                "sha256:f2618db89be1b4e05f7a1a847a9c1c0abd63e63a1607d892dd54668dd92faf87",
                "sha256:f447e6acb680fd307f40d3da4852208af94afdfab89cf850986c3ca00562f4fa",
                "sha256:f92729c95468a2f4f15e9bb94c432a9229d0d50de67304399627a943201baa2f",
                "sha256:f9f1adb22318e121c5c69a09142811a201ef17ab257a1e66ca3025065b7f53ae",
                "sha256:fc0c5673685c508a142ca65209b4e79ed6740a4ed6b2267dbba90f34b0b3cfda",
                "sha256:fc7b73d02efb0e18c000e9ad8b83480dfcd5dfd11065997ed4c6747470ae8915",
                "sha256:fd83c01228a688733f1ded5201c678f0c53ecc1006ffbc404db9f7a899ac6249",
                "sha256:fe27749d33bb772c80dcd84ae7e8df2adc920ae8297400dabec45f0dedb3f6de",
                "sha256:fee4236c876c4e8369388054d02d0e9bb84821feb1a64dd59e137e6511a551f8"
            ],
            "markers": "python_version >= '3.10'",
            "version": "==2.2.6"
        },
        "packaging": {
            "hashes": [
                "sha256:29572ef2b1f17581046b3a2227d5c611fb25ec70ca1ba8554b24b0e69331a484",
                "sha256:d443872c98d677bf60f6a1f2f8c1cb748e8fe762d2bf9d3148b5599295b0fc4f"
            ],
            "markers": "python_version >= '3.8'",
            "version": "==25.0"
        },
        "pyyaml": {
            "hashes": [
                "sha256:01179a4a8559ab5de078078f37e5c1a30d76bb88519906844fd7bdea1b7729ff",
                "sha256:0833f8694549e586547b576dcfaba4a6b55b9e96098b36cdc7ebefe667dfed48",
                "sha256:0a9a2848a5b7feac301353437eb7d5957887edbf81d56e903999a75a3d743086",
                "sha256:0b69e4ce7a131fe56b7e4d770c67429700908fc0752af059838b1cfb41960e4e",
                "sha256:0ffe8360bab4910ef1b9e87fb812d8bc0a308b0d0eef8c8f44e0254ab3b07133",
                "sha256:11d8f3dd2b9c1207dcaf2ee0bbbfd5991f571186ec9cc78427ba5bd32afae4b5",
                "sha256:17e311b6c678207928d649faa7cb0d7b4c26a0ba73d41e99c4fff6b6c3276484",
                "sha256:1e2120ef853f59c7419231f3bf4e7021f1b936f6ebd222406c3b60212205d2ee",
                "sha256:1f71ea527786de97d1a0cc0eacd1defc0985dcf6b3f17bb77dcfc8c34bec4dc5",
                "sha256:23502f431948090f597378482b4812b0caae32c22213aecf3b55325e049a6c68",
                "sha256:24471b829b3bf607e04e88d79542a9d48bb037c2267d7927a874e6c205ca7e9a",
                "sha256:29717114e51c84ddfba879543fb232a6ed60086602313ca38cce623c1d62cfbf",
                "sha256:2e99c6826ffa974fe6e27cdb5ed0021786b03fc98e5ee3c5bfe1fd5015f42b99",
                "sha256:39693e1f8320ae4f43943590b49779ffb98acb81f788220ea932a6b6c51004d8",
                "sha256:3ad2a3decf9aaba3d29c8f537ac4b243e36bef957511b4766cb0057d32b0be85",
                "sha256:3b1fdb9dc17f5a7677423d508ab4f243a726dea51fa5e70992e59a7411c89d19",
                "sha256:41e4e3953a79407c794916fa277a82531dd93aad34e29c2a514c2c0c5fe971cc",
                "sha256:43fa96a3ca0d6b1812e01ced1044a003533c47f6ee8aca31724f78e93ccc089a",
                "sha256:50187695423ffe49e2deacb8cd10510bc361faac997de9efef88badc3bb9e2d1",
                "sha256:5ac9328ec4831237bec75defaf839f7d4564be1e6b25ac710bd1a96321cc8317",
                "sha256:5d225db5a45f21e78dd9358e58a98702a0302f2659a3c6cd320564b75b86f47c",
                "sha256:6395c297d42274772abc367baaa79683958044e5d3835486c16da75d2a694631",
                "sha256:688ba32a1cffef67fd2e9398a2efebaea461578b0923624778664cc1c914db5d",
                "sha256:68ccc6023a3400877818152ad9a1033e3db8625d899c72eacb5a668902e4d652",
                "sha256:70b189594dbe54f75ab3a1acec5f1e3faa7e8cf2f1e08d9b561cb41b845f69d5",
                "sha256:797b4f722ffa07cc8d62053e4cff1486fa6dc094105d13fea7b1de7d8bf71c9e",
                "sha256:7c36280e6fb8385e520936c3cb3b8042851904eba0e58d277dca80a5cfed590b",
                "sha256:7e7401d0de89a9a855c839bc697c079a4af81cf878373abd7dc625847d25cbd8",
                "sha256:80bab7bfc629882493af4aa31a4cfa43a4c57c83813253626916b8c7ada83476",
                "sha256:82d09873e40955485746739bcb8b4586983670466c23382c19cffecbf1fd8706",
                "sha256:8388ee1976c416731879ac16da0aff3f63b286ffdd57cdeb95f3f2e085687563",
                "sha256:8824b5a04a04a047e72eea5cec3bc266db09e35de6bdfe34c9436ac5ee27d237",
                "sha256:8b9c7197f7cb2738065c481a0461e50ad02f18c78cd75775628afb4d7137fb3b",
                "sha256:9056c1ecd25795207ad294bcf39f2db3d845767be0ea6e6a34d856f006006083",
                "sha256:936d68689298c36b53b29f23c6dbb74de12b4ac12ca6cfe0e047bedceea56180",
                "sha256:9b22676e8097e9e22e36d6b7bda33190d0d400f345f23d4065d48f4ca7ae0425",
                "sha256:a4d3091415f010369ae4ed1fc6b79def9416358877534caf6a0fdd2146c87a3e",
                "sha256:a8786accb172bd8afb8be14490a16625cbc387036876ab6ba70912730faf8e1f",
                "sha256:a9f8c2e67970f13b16084e04f134610fd1d374bf477b17ec1599185cf611d725",
                "sha256:bc2fa7c6b47d6bc618dd7fb02ef6fdedb1090ec036abab80d4681424b84c1183",
                "sha256:c70c95198c015b85feafc136515252a261a84561b7b1d51e3384e0655ddf25ab",
                "sha256:cc1c1159b3d456576af7a3e4d1ba7e6924cb39de8f67111c735f6fc832082774",
                "sha256:ce826d6ef20b1bc864f0a68340c8b3287705cae2f8b4b1d932177dcc76721725",
                "sha256:d584d9ec91ad65861cc08d42e834324ef890a082e591037abe114850ff7bbc3e",
                "sha256:d7fded462629cfa4b685c5416b949ebad6cec74af5e2d42905d41e257e0869f5",
                "sha256:d84a1718ee396f54f3a086ea0a66d8e552b2ab2017ef8b420e92edbc841c352d",
                "sha256:d8e03406cac8513435335dbab54c0d385e4a49e4945d2909a581c83647ca0290",
                "sha256:e10ce637b18caea04431ce14fabcf5c64a1c61ec9c56b071a4b7ca131ca52d44",
                "sha256:ec031d5d2feb36d1d1a24380e4db6d43695f3748343d99434e6f5f9156aaa2ed",
                "sha256:ef6107725bd54b262d6dedcc2af448a266975032bc85ef0172c5f059da6325b4",
                "sha256:efdca5630322a10774e8e98e1af481aad470dd62c3170801852d752aa7a783ba",
                "sha256:f753120cb8181e736c57ef7636e83f31b9c0d1722c516f7e86cf15b7aa57ff12",
                "sha256:ff3824dc5261f50c9b0dfb3be22b4567a6f938ccce4587b38952d85fd9e9afe4"
            ],
            "markers": "python_version >= '3.8'",
            "version": "==6.0.2"
        },
        "regex": {
            "hashes": [
                "sha256:019ad36e4ea89af6abd2915ffc06b4e109234655148a45f8f32b42ea9b503514",
                "sha256:02e660c2d02854eed41b13f0e2c98d24efce4fb439aa316742f8d32aeda2803b",
                "sha256:055baef91bb31474bd919fd245cf154db00cbac449596952d3e6bc1e1b226808",
                "sha256:097c2adaedf5fba5819df298750cd3966da94fdd549e2d9e5040d7e315de97dd",
                "sha256:1282de93a20d143180bd3500488877d888185a5e78ef02f7cd410140299f0941",
                "sha256:12f9ab65b4cc771dd6d8af806ded7425ca50d2a188d2fc3a5aba3dc49f5684b7",
                "sha256:144d7550d13770ab994ef6616cff552ed01c892499eb1df74b6775e9b6f6a571",
                "sha256:1778b27e2d4e07cf1e3350f1e74dae5d0511d1ca2b001f4d985b0739182ba2a8",
                "sha256:1a7bedc5b499bd0a5cc05b3407ab0aa09f224fb9cd13c52253ecb1619957a6b4",
                "sha256:1af64eed343f19e1f09da9e9e8cfb82570050c4ed9fec400f9f118aab383da4b",
                "sha256:1b600ff5e80d2b4cf2cabc451dab5b9a3ed7e1e5aa845dd5cf41eabefb957179",
                "sha256:2348cedab6adee1a7649e2a157d219196044588a58024509def2b8b30c0f63f8",
                "sha256:261f9a6dcb1fd9dc204cc587fceac2e071720a15fc4fa36156651c886e574ad0",
                "sha256:2784d4afa58a87f5f522037d10cf96c05d3a91ab82b2152a66e8ccea55e703f6",
                "sha256:27f17ade67d06ce4abff48f2ee99c6419f73e70882fe7ca51960916c75844e1f",
                "sha256:2dadf5788af5b10a78b996d24263e352e5f99dbfce9db4c48e9c875a9a7d051c",
                "sha256:339d1c579cea1d525ef2b2fefdc1f108596b8252acca6ef012a51206d3f01ac4",
                "sha256:34dcb7c4d89b83e7e3cb5a2679595f6f97d253815ed9402edbdfc56780668b89",
                "sha256:3b1329dcb4cd688ebabd2560d5a82567e1e3d05885169f6bece40ca9e7dcfe3d",
                "sha256:3bb9bf5a0c1c1c353bc5da6cb58db8a12b1ec76a9e8dc8a23ce56d63ee867392",
                "sha256:3e58b95f62df0300496a2244ac5818312a80a5f786c9727125d62b49deede1b9",
                "sha256:3ebf32b2b2f60aecd6f8d375ff310849251946cf953aac69b8b5b10e3ccebaf9",
                "sha256:3fe81cd00ef1eaef1ef00d61200bacb55b1a130570cd9be2e793b98981c6cd9c",
                "sha256:407da7504642830d4211d39dc23b8a9d400913b3f2d242774b8d17ead3487e00",
                "sha256:4372ca5c43d0e255e68a9aa6812d9be3447c4ce7ba7cb1429c7b96d2c63ee9b1",
                "sha256:45622fab3a90590a41a541afea739a732bf110dd081c15c84538b115cf5f59f5",
                "sha256:45fd783fd91ec849c64ebd5c0498ded966e829b8d2ea44daba2a2c35b6b5f4a8",
                "sha256:46572b60e9cc5c09e17d5ecb648dc9fb1c44c12274ae791921350f0f6d0eebea",
                "sha256:4723c01dd28c1b1de5f463bba8672e3d0dc3d94d5db056e4bbc3cbc84bf23c1c",
                "sha256:47ceaa1e5eb243595306dfd5e5e294e251900aa94a0e2e1037fce125f432d2fb",
                "sha256:481f069facacb4f40bf37a51748a88952f5dd5707dd849f216d53bf5522c8add",
                "sha256:51211fd9bfe544f7ad543a683bd2546636ce5b55ab65752e8f8ebe477378dfa2",
                "sha256:52f1925d123338835e5b13e5ef8e6a744c02aef8e538e661ad5c76185e6ad87a",
                "sha256:5560b6c9fb428281b472b665e4d046eaaaf37523135cb1ee3dc699f3e82dae7a",
                "sha256:55dc9f4094656d273562718d68cd8363f688e0b813d62696aad346bcd7b1c7d4",
                "sha256:56508bf5da86c96b7f87da70ee28019a1bdd4c0ec31adfcd62300c4a08e927e4",
                "sha256:569c2b6812d223ae82a2a13c36362ca5933b88011ba869111eba8fb769ccf492",
                "sha256:5792ff4bb2836ca2b041321eada3a1918f8ba05bceac4f6e9f06f0fefa1b8e44",
                "sha256:59b94c02b435d7d5a9621381bf338a36c7efa6d9025a888cc39aa256b2869299",
                "sha256:60162442fd631ead1ca58c16f6f9d6b1aa32d2a2f749b51a7b4262fc294105e1",
                "sha256:622aa4ca90d7cf38433d425a4f00543b08d3b109cca379df8f31827cf5e2ecb3",
                "sha256:67d708f8bfb89dcd57c3190cb5c343c7f40d3c81319a00c8188982a08c64b977",
                "sha256:6f970a3e058f587988a18ed4ddff6a6363fa72a41dfb29077d0efe8dc4df00da",
                "sha256:74f348e26ff09bb2684c67535f516cec362624566127d9f4158cd7ab5038c1fe",
                "sha256:75f74892df1593036e83b48ba50d1e1951af650b6fabbfcf7531e7082e3561d4",
                "sha256:77be56e167e2685828ab0abc1bdf38db3ab385e624c3ea2694b0d4ea70a2b7bc",
                "sha256:7ddc7ab76d917cb680a3b0fa53fc2971d40cc17415539007e15fa31c829dcf2b",
                "sha256:7f6755afaed9948dd4dda4d093663fe60e9a8784993b733697551bf6b0921d7c",
                "sha256:80a1af156ea8670ae63184e5c112b481326ece1879e09447f6fbb49d1b49330b",
                "sha256:81a193e6138b61976903357fc7a67dd9e256cf98f73bbfb2758abf3b8d396c35",
                "sha256:81d865d195f9c94b7e7f043c973a7ee1003b29f6e75caa9125aa5a92cf6b334d",
                "sha256:833292f5ebfbe4f104e02718f0e2d05d51ac43cdc023a217672119989c4a0be6",
                "sha256:8542ee1fd8c8be4db1c58902956a220bdbe7c38362decec989f57ace0e37f14c",
                "sha256:89358d48fbc33614185c18b3a397b870e388f13d882f379b9a33c970a4945dcc",
                "sha256:8ab2d9cd1c13e7127194b5cb36ecfb323fec0b80845195842d8e8ac9fb581e1b",
                "sha256:8ae02caf994a0a0d958b9b0fc5aebbdb48fa93491a582dd00db3733d258a6ac4",
                "sha256:8b284b8042d97f4eb9caf4d9423307ee1c9ff9c2abd14c781d44aef070ac7cc9",
                "sha256:a57aacb1974bd04a5ace8f93c9ab7fa49b868091032b38afd79b2c1ac70da35a",
                "sha256:a7c40ab21112711363d7612f35781c8b2d2d59c27e0a057a6486eea60ee01e54",
                "sha256:ac97385aadafe3a2f7cb9c48c5ca3cabb91c1f89e47fdf5a55945c61b186254f",
                "sha256:b2b0f700237b73ec0df2e13e2b1c10d36b8ea45c7a3c7eb6d99843c39feaa0e6",
                "sha256:b2d5523c236594c055e5752e088406dfe3214c4e986abeceaea24967371ad890",
                "sha256:b40a8f8064c3b8032babb2049b7ab40812cbb394179556deb7c40c1e3b28630f",
                "sha256:beda88db2cae5dc82a64cba465f7e8686392d96116f87e664af46c4dfcdd9cbc",
                "sha256:c28c00fbe30dd5e99162b88765c8d014d06581927ceab8fa851267041e48820c",
                "sha256:c4f6b34f509bb26507509b6f9ba85debcc6ca512d2d4a6fd5e96b9de2c187c83",
                "sha256:c7eea6eb0f4c1ff7eee051a6780acc40717be9736bf67873c3c932b7ac5743a2",
                "sha256:c8ae328524e7bb67ae12a9e314d935e7bb67eb5135e57196b0faa4ecab3f2999",
                "sha256:c8ff37cac0e1c7ba943bf46f6431b0c86cbe42d42ae862ff7b152b4ccc232bdd",
                "sha256:ca7c9af8f33540b51f1b76092e732b62211092af947239e5db471323ae39ead4",
                "sha256:cbd4ee61dddfcff625f8642e940ba61121b28e98d0eca24d79114209e3e8ce1b",
                "sha256:cc2939e3e1837822803afebe38f42aab739e1135ea63ba0fdfe499672b21fc39",
                "sha256:cc9eb820140126219ac9d6b488176cfdde2f5e8891b0fbf2cbd2526c0d441d37",
                "sha256:de088fe37d4c58a42401bf4ce2328b00a760c7d85473ccf6e489094e13452510",
                "sha256:defab878ce91944baf2ade775895a097ad7eeeab3618d87b4c29753aad98a5c4",
                "sha256:e8b4896ec5a9d0ae73d04e260ff6e1f366985b46505b2fa36d91501e4a7a98f0",
                "sha256:ea5b162c50745694606f50170cc7cc84c14193ac5fd6ecb26126e826a7c12bd6",
                "sha256:eab98712c0a6d053fb67b021fae43422f7eab8fa2aaa25034f5ef01585112cc7",
                "sha256:ead2cf9d92f90d2fd7c5eb84b383a82154298742011b8f892fdee2f724f76106",
                "sha256:f124ff95b4cbedfd762897d4bd9da2b20b7574df1d60d498f16a42d398d524e9",
                "sha256:f67f9f8216a8e645c568daf104abc52cd5387127af8e8b17c7bc11b014d88fcb",
                "sha256:f6aef1895f27875421e6d8047747702d6e512793c6d95614c56479a375541edb",
                "sha256:f7858175abee523c5b04cc1de5d3d03168aed4805aad747641752c027aaa6335",
                "sha256:fccac19e5f1053e4da34ae5a651b938dba12e5f54f04def1cd349b24fd5f28cf",
                "sha256:fd454ed1fe245f983c2376b6f01948d6ec4a1e5869a8c883e320e1739cc63e57",
                "sha256:ff1359141a378d8fa1ade7ca8a7a94988c830e5e588d232eded0e5900fa953cf",
                "sha256:ff7753bd717a9f2286d2171d758eebf11b3bfb21e6520b201e01169ec9cd5ec0"
            ],
            "markers": "python_version >= '3.9'",
            "version": "==2025.7.31"
        },
        "requests": {
            "hashes": [
                "sha256:27babd3cda2a6d50b30443204ee89830707d396671944c998b5975b031ac2b2c",
                "sha256:27d0316682c8a29834d3264820024b62a36942083d52caf2f14c0591336d3422"
            ],
            "markers": "python_version >= '3.8'",
            "version": "==2.32.4"
        },
        "safetensors": {
            "hashes": [
                "sha256:1077f3e94182d72618357b04b5ced540ceb71c8a813d3319f1aba448e68a770d",
                "sha256:11bce6164887cd491ca75c2326a113ba934be596e22b28b1742ce27b1d076467",
                "sha256:21d01c14ff6c415c485616b8b0bf961c46b3b343ca59110d38d744e577f9cce7",
                "sha256:32c3ef2d7af8b9f52ff685ed0bc43913cdcde135089ae322ee576de93eae5135",
                "sha256:37f1521be045e56fc2b54c606d4455573e717b2d887c579ee1dbba5f868ece04",
                "sha256:391ac8cab7c829452175f871fcaf414aa1e292b5448bd02620f675a7f3e7abb9",
                "sha256:4a243be3590bc3301c821da7a18d87224ef35cbd3e5f5727e4e0728b8172411e",
                "sha256:799021e78287bac619c7b3f3606730a22da4cda27759ddf55d37c8db7511c74b",
                "sha256:836cbbc320b47e80acd40e44c8682db0e8ad7123209f69b093def21ec7cafd11",
                "sha256:8bd84b12b1670a6f8e50f01e28156422a2bc07fb16fc4e98bded13039d688a0d",
                "sha256:b6b0d6ecacec39a4fdd99cc19f4576f5219ce858e6fd8dbe7609df0b8dc56965",
                "sha256:bd20eb133db8ed15b40110b7c00c6df51655a2998132193de2f75f72d99c7073",
                "sha256:cead1fa41fc54b1e61089fa57452e8834f798cb1dc7a09ba3524f1eb08e0317a",
                "sha256:cfc0ec0846dcf6763b0ed3d1846ff36008c6e7290683b61616c4b040f6a54ace",
                "sha256:df26da01aaac504334644e1b7642fa000bfec820e7cef83aeac4e355e03195ff"
            ],
            "markers": "python_version >= '3.7'",
            "version": "==0.5.3"
        },
        "schnitsum": {
            "hashes": [
                "sha256:71f1e227453a869d53ee0595df73e5e794ff6ccf36704f7d5431f9f160fb30ef",
                "sha256:c39ecf0101895c73602e0ba5f1ca0ee573c924fd7c57df5a8d56ef4202d74228"
            ],
            "index": "pypi",
            "version": "==0.4.3"
        },
        "sienna": {
            "hashes": [
                "sha256:51be6aae4739b2d3db0cd452d85bcf5999985f80629d67deb3bf8c1187c70d74",
                "sha256:7c4aadd6c388429099671c6db20f3867ca1b9538f67b6036955c071c57cedb84"
            ],
            "markers": "python_version >= '3.8' and python_version < '4.0'",
            "version": "==0.1.5"
        },
        "six": {
            "hashes": [
                "sha256:1e61c37477a1626458e36f7b1d82aa5c9b094fa4802892072e49de9c60c4c926",
                "sha256:8abb2f1d86890a2dfb989f9a77cfcfd3e47c2a354b01111771326f8aa26e0254"
            ],
            "markers": "python_version >= '2.7' and python_version not in '3.0, 3.1, 3.2'",
            "version": "==1.16.0"
        },
        "termcolor": {
            "hashes": [
                "sha256:91ddd848e7251200eac969846cbae2dacd7d71c2871e92733289e7e3666f48e7",
                "sha256:dfc8ac3f350788f23b2947b3e6cfa5a53b630b612e6cd8965a015a776020b99a"
            ],
            "markers": "python_version >= '3.7'",
            "version": "==2.2.0"
        },
        "tokenizers": {
            "hashes": [
                "sha256:1340ff877ceedfa937544b7d79f5b7becf33a4cfb58f89b3b49927004ef66f78",
                "sha256:2107ad649e2cda4488d41dfd031469e9da3fcbfd6183e74e4958fa729ffbf9c6",
                "sha256:2ccc10a7c3bcefe0f242867dc914fc1226ee44321eb618cfe3019b5df3400133",
                "sha256:39b376f5a1aee67b4d29032ee85511bbd1b99007ec735f7f35c8a2eb104eade5",
                "sha256:3c1f4317576e465ac9ef0d165b247825a2a4078bcd01cba6b54b867bdf9fdd8b",
                "sha256:3c73012da95afafdf235ba80047699df4384fdc481527448a078ffd00e45a7d9",
                "sha256:475d807a5c3eb72c59ad9b5fcdb254f6e17f53dfcbb9903233b0dfa9c943b597",
                "sha256:51b7eabb104f46c1c50b486520555715457ae833d5aee9ff6ae853d1130506ff",
                "sha256:5e2f601a8e0cd5be5cc7506b20a79112370b9b3e9cb5f13f68ab11acd6ca7d60",
                "sha256:6c42a930bc5f4c47f4ea775c91de47d27910881902b0f20e4990ebe045a415d0",
                "sha256:714b05b2e1af1288bd1bc56ce496c4cebb64a20d158ee802887757791191e6e2",
                "sha256:c212aa4e45ec0bb5274b16b6f31dd3f1c41944025c2358faaa5782c754e84c24",
                "sha256:cc88bb34e23a54cc42713d6d98af5f1bf79c07653d24fe984d2d695ba2c922a2",
                "sha256:f23186c40395fc390d27f519679a58023f368a0aad234af145e0f39ad1212732",
                "sha256:fa23f85fbc9a02ec5c6978da172cdcbac23498c3ca9f3645c5c68740ac007880"
            ],
            "markers": "python_version >= '3.9'",
            "version": "==0.21.4"
        },
        "torch": {
            "hashes": [
                "sha256:03e31c37711db2cd201e02de5826de875529e45a55631d317aadce2f1ed45aa8",
                "sha256:0b44601ec56f7dd44ad8afc00846051162ef9c26a8579dda0a02194327f2d55e",
                "sha256:42e115dab26f60c29e298559dbec88444175528b729ae994ec4c65d56fe267dd",
                "sha256:42f639501928caabb9d1d55ddd17f07cd694de146686c24489ab8c615c2871f2",
                "sha256:4e1b9c14cf13fd2ab8d769529050629a0e68a6fc5cb8e84b4a3cc1dd8c4fe541",
                "sha256:68104e4715a55c4bb29a85c6a8d57d820e0757da363be1ba680fa8cc5be17b52",
                "sha256:69fe2cae7c39ccadd65a123793d30e0db881f1c1927945519c5c17323131437e",
                "sha256:6cf6f54b43c0c30335428195589bd00e764a6d27f3b9ba637aaa8c11aaf93073",
                "sha256:743784ccea0dc8f2a3fe6a536bec8c4763bd82c1352f314937cb4008d4805de1",
                "sha256:8a34a2fbbaa07c921e1b203f59d3d6e00ed379f2b384445773bd14e328a5b6c8",
                "sha256:976c3f997cea38ee91a0dd3c3a42322785414748d1761ef926b789dfa97c6134",
                "sha256:9b356aea223772cd754edb4d9ecf2a025909b8615a7668ac7d5130f86e7ec421",
                "sha256:9c038662db894a23e49e385df13d47b2a777ffd56d9bcd5b832593fab0a7e286",
                "sha256:a8320ba9ad87e80ca5a6a016e46ada4d1ba0c54626e135d99b2129a4541c509d",
                "sha256:b5dbcca369800ce99ba7ae6dee3466607a66958afca3b740690d88168752abcf",
                "sha256:bfec2843daa654f04fda23ba823af03e7b6f7650a873cdb726752d0e3718dada",
                "sha256:cd26d8c5640c3a28c526d41ccdca14cf1cbca0d0f2e14e8263a7ac17194ab1d2",
                "sha256:e9c8f4a311ac29fc7e8e955cfb7733deb5dbe1bdaabf5d4af2765695824b7e0d",
                "sha256:f00c721f489089dc6364a01fd84906348fe02243d0af737f944fddb36003400d",
                "sha256:f3b52a634e62821e747e872084ab32fbcb01b7fa7dbb7471b6218279f02a178a"
            ],
            "markers": "python_full_version >= '3.7.0'",
            "version": "==1.12.1"
        },
        "tqdm": {
            "hashes": [
                "sha256:26445eca388f82e72884e0d580d5464cd801a3ea01e63e5601bdff9ba6a48de2",
                "sha256:f8aef9c52c08c13a65f30ea34f4e5aac3fd1a34959879d7e59e63027286627f2"
            ],
            "markers": "python_version >= '3.7'",
            "version": "==4.67.1"
        },
        "transformers": {
            "hashes": [
                "sha256:604b2bb357c480dc5883b7944e8562c967f6b06f63dfb6a1c4665d13d067148f",
                "sha256:c380d583ed9c7ebe3e30ca5e55ec1249db39eb9ee277f8e74dab1abc6a03c938"
            ],
            "index": "pypi",
            "markers": "python_full_version >= '3.9.0'",
            "version": "==4.52.1"
        },
        "typing-extensions": {
            "hashes": [
                "sha256:38b39f4aeeab64884ce9f74c94263ef78f3c22467c8724005483154c26648d36",
                "sha256:d1e1e3b58374dc93031d6eda2420a48ea44a36c2b4766a4fdeb3710755731d76"
            ],
            "markers": "python_version >= '3.9'",
            "version": "==4.14.1"
        },
        "urllib3": {
            "hashes": [
                "sha256:3fc47733c7e419d4bc3f6b3dc2b4f890bb743906a30d56ba4a5bfa4bbff92760",
                "sha256:e6b01673c0fa6a13e374b50871808eb3bf7046c4b125b216f6bf1cc604cff0dc"
            ],
            "markers": "python_version >= '3.9'",
            "version": "==2.5.0"
        }
    },
    "develop": {}
}
